
Microsoft Visual Studio Solution File, Format Version 12.00
# Visual Studio Version 16
VisualStudioVersion = 16.0.30320.27
MinimumVisualStudioVersion = 10.0.40219.1
Project("{888888A0-9F3D-457C-B088-3A5042F75D52}") = "Mouse", "Mouse.pyproj", "{46E70E9B-FA5F-42F1-B277-B8F964C005B9}"
EndProject
Global
	GlobalSection(SolutionConfigurationPlatforms) = preSolution
		Debug|Any CPU = Debug|Any CPU
		Release|Any CPU = Release|Any CPU
	EndGlobalSection
	GlobalSection(ProjectConfigurationPlatforms) = postSolution
		{46E70E9B-FA5F-42F1-B277-B8F964C005B9}.Debug|Any CPU.ActiveCfg = Debug|Any CPU
		{46E70E9B-FA5F-42F1-B277-B8F964C005B9}.Release|Any CPU.ActiveCfg = Release|Any CPU
	EndGlobalSection
	GlobalSection(SolutionProperties) = preSolution
		HideSolutionNode = FALSE
	EndGlobalSection
	GlobalSection(ExtensibilityGlobals) = postSolution
		SolutionGuid = {FA00D3E0-E500-4AE7-8CA0-8B3C630FC6AF}
	EndGlobalSection
EndGlobal
